
Microsoft Visual Studio Solution File, Format Version 12.00
Project("{FAE04EC0-301F-11D3-BF4B-00C04F79EFBC}") = "Ayura.API", "Ayura.API\Ayura.API.csproj", "{B5D30BF4-BA37-41E9-9352-E10F6C6DD331}"
EndProject
Global
	GlobalSection(SolutionConfigurationPlatforms) = preSolution
		Debug|Any CPU = Debug|Any CPU
		Release|Any CPU = Release|Any CPU
	EndGlobalSection
	GlobalSection(ProjectConfigurationPlatforms) = postSolution
		{B5D30BF4-BA37-41E9-9352-E10F6C6DD331}.Debug|Any CPU.ActiveCfg = Debug|Any CPU
		{B5D30BF4-BA37-41E9-9352-E10F6C6DD331}.Debug|Any CPU.Build.0 = Debug|Any CPU
		{B5D30BF4-BA37-41E9-9352-E10F6C6DD331}.Release|Any CPU.ActiveCfg = Release|Any CPU
		{B5D30BF4-BA37-41E9-9352-E10F6C6DD331}.Release|Any CPU.Build.0 = Release|Any CPU
	EndGlobalSection
EndGlobal
